
Microsoft Visual Studio Solution File, Format Version 12.00
# Visual Studio Version 17
VisualStudioVersion = 17.10.35013.160
MinimumVisualStudioVersion = 10.0.40219.1
Project("{FAE04EC0-301F-11D3-BF4B-00C04F79EFBC}") = "WebApplication1", "WebApplication1\WebApplication1.csproj", "{45ECAA04-22B3-4A64-A8B1-BD99330E9FD5}"
EndProject
Global
	GlobalSection(SolutionConfigurationPlatforms) = preSolution
		Debug|Any CPU = Debug|Any CPU
		Release|Any CPU = Release|Any CPU
	EndGlobalSection
	GlobalSection(ProjectConfigurationPlatforms) = postSolution
		{45ECAA04-22B3-4A64-A8B1-BD99330E9FD5}.Debug|Any CPU.ActiveCfg = Debug|Any CPU
		{45ECAA04-22B3-4A64-A8B1-BD99330E9FD5}.Debug|Any CPU.Build.0 = Debug|Any CPU
		{45ECAA04-22B3-4A64-A8B1-BD99330E9FD5}.Release|Any CPU.ActiveCfg = Release|Any CPU
		{45ECAA04-22B3-4A64-A8B1-BD99330E9FD5}.Release|Any CPU.Build.0 = Release|Any CPU
	EndGlobalSection
	GlobalSection(SolutionProperties) = preSolution
		HideSolutionNode = FALSE
	EndGlobalSection
	GlobalSection(ExtensibilityGlobals) = postSolution
		SolutionGuid = {B0797666-B107-45EB-8F89-864E011B4654}
	EndGlobalSection
EndGlobal
